
Microsoft Visual Studio Solution File, Format Version 12.00
# Visual Studio Version 17
VisualStudioVersion = 17.2.32505.173
MinimumVisualStudioVersion = 10.0.40219.1
Project("{9A19103F-16F7-4668-BE54-9A1E7A4F7556}") = "CleanArchMvc.Domain", "CleanArchMvc.Domain\CleanArchMvc.Domain.csproj", "{84C6C102-64EB-46D8-A0CC-5D3F20226183}"
EndProject
Project("{9A19103F-16F7-4668-BE54-9A1E7A4F7556}") = "CleanArchMvc.Application", "CleanArchMvc.Application\CleanArchMvc.Application.csproj", "{27EF8A21-5CDA-4422-B4E4-E0BD25CFB85E}"
EndProject
Project("{9A19103F-16F7-4668-BE54-9A1E7A4F7556}") = "CleanArchMvc.Infra.Data", "CleanArchMvc.Data\CleanArchMvc.Infra.Data.csproj", "{B4F18AEC-44C0-47FE-9078-60B12B6C793E}"
EndProject
Project("{9A19103F-16F7-4668-BE54-9A1E7A4F7556}") = "CleanArchMvc.Infra.IoC", "CleanArchMvc.IoC\CleanArchMvc.Infra.IoC.csproj", "{E6E6B609-762D-49F6-AB9C-EF567A3DEB86}"
EndProject
Project("{9A19103F-16F7-4668-BE54-9A1E7A4F7556}") = "CleanArchMvc.WebUI", "CleanArchMvc.WebUI\CleanArchMvc.WebUI.csproj", "{88761C9D-C409-4515-9E1C-D676339430B1}"
EndProject
Project("{9A19103F-16F7-4668-BE54-9A1E7A4F7556}") = "CleanArchMvc.Domain.Tests", "CleanArchMvc.Domain.Tests\CleanArchMvc.Domain.Tests.csproj", "{95D345A7-7EFB-4F98-9A60-44AB616651EE}"
EndProject
Global
	GlobalSection(SolutionConfigurationPlatforms) = preSolution
		Debug|Any CPU = Debug|Any CPU
		Release|Any CPU = Release|Any CPU
	EndGlobalSection
	GlobalSection(ProjectConfigurationPlatforms) = postSolution
		{84C6C102-64EB-46D8-A0CC-5D3F20226183}.Debug|Any CPU.ActiveCfg = Debug|Any CPU
		{84C6C102-64EB-46D8-A0CC-5D3F20226183}.Debug|Any CPU.Build.0 = Debug|Any CPU
		{84C6C102-64EB-46D8-A0CC-5D3F20226183}.Release|Any CPU.ActiveCfg = Release|Any CPU
		{84C6C102-64EB-46D8-A0CC-5D3F20226183}.Release|Any CPU.Build.0 = Release|Any CPU
		{27EF8A21-5CDA-4422-B4E4-E0BD25CFB85E}.Debug|Any CPU.ActiveCfg = Debug|Any CPU
		{27EF8A21-5CDA-4422-B4E4-E0BD25CFB85E}.Debug|Any CPU.Build.0 = Debug|Any CPU
		{27EF8A21-5CDA-4422-B4E4-E0BD25CFB85E}.Release|Any CPU.ActiveCfg = Release|Any CPU
		{27EF8A21-5CDA-4422-B4E4-E0BD25CFB85E}.Release|Any CPU.Build.0 = Release|Any CPU
		{B4F18AEC-44C0-47FE-9078-60B12B6C793E}.Debug|Any CPU.ActiveCfg = Debug|Any CPU
		{B4F18AEC-44C0-47FE-9078-60B12B6C793E}.Debug|Any CPU.Build.0 = Debug|Any CPU
		{B4F18AEC-44C0-47FE-9078-60B12B6C793E}.Release|Any CPU.ActiveCfg = Release|Any CPU
		{B4F18AEC-44C0-47FE-9078-60B12B6C793E}.Release|Any CPU.Build.0 = Release|Any CPU
		{E6E6B609-762D-49F6-AB9C-EF567A3DEB86}.Debug|Any CPU.ActiveCfg = Debug|Any CPU
		{E6E6B609-762D-49F6-AB9C-EF567A3DEB86}.Debug|Any CPU.Build.0 = Debug|Any CPU
		{E6E6B609-762D-49F6-AB9C-EF567A3DEB86}.Release|Any CPU.ActiveCfg = Release|Any CPU
		{E6E6B609-762D-49F6-AB9C-EF567A3DEB86}.Release|Any CPU.Build.0 = Release|Any CPU
		{88761C9D-C409-4515-9E1C-D676339430B1}.Debug|Any CPU.ActiveCfg = Debug|Any CPU
		{88761C9D-C409-4515-9E1C-D676339430B1}.Debug|Any CPU.Build.0 = Debug|Any CPU
		{88761C9D-C409-4515-9E1C-D676339430B1}.Release|Any CPU.ActiveCfg = Release|Any CPU
		{88761C9D-C409-4515-9E1C-D676339430B1}.Release|Any CPU.Build.0 = Release|Any CPU
		{95D345A7-7EFB-4F98-9A60-44AB616651EE}.Debug|Any CPU.ActiveCfg = Debug|Any CPU
		{95D345A7-7EFB-4F98-9A60-44AB616651EE}.Debug|Any CPU.Build.0 = Debug|Any CPU
		{95D345A7-7EFB-4F98-9A60-44AB616651EE}.Release|Any CPU.ActiveCfg = Release|Any CPU
		{95D345A7-7EFB-4F98-9A60-44AB616651EE}.Release|Any CPU.Build.0 = Release|Any CPU
	EndGlobalSection
	GlobalSection(SolutionProperties) = preSolution
		HideSolutionNode = FALSE
	EndGlobalSection
	GlobalSection(ExtensibilityGlobals) = postSolution
		SolutionGuid = {26B1C6ED-FCE3-43D9-96C6-4FA7BEEA318F}
	EndGlobalSection
EndGlobal
